
Microsoft Visual Studio Solution File, Format Version 12.00
# Visual Studio Version 17
VisualStudioVersion = 17.7.34221.43
MinimumVisualStudioVersion = 10.0.40219.1
Project("{FAE04EC0-301F-11D3-BF4B-00C04F79EFBC}") = "Act3Elephant", "Act3Elephant\Act3Elephant.csproj", "{A8E5E9F5-4364-4392-AF16-45DBE9F419A0}"
EndProject
Global
	GlobalSection(SolutionConfigurationPlatforms) = preSolution
		Debug|Any CPU = Debug|Any CPU
		Release|Any CPU = Release|Any CPU
	EndGlobalSection
	GlobalSection(ProjectConfigurationPlatforms) = postSolution
		{A8E5E9F5-4364-4392-AF16-45DBE9F419A0}.Debug|Any CPU.ActiveCfg = Debug|Any CPU
		{A8E5E9F5-4364-4392-AF16-45DBE9F419A0}.Debug|Any CPU.Build.0 = Debug|Any CPU
		{A8E5E9F5-4364-4392-AF16-45DBE9F419A0}.Release|Any CPU.ActiveCfg = Release|Any CPU
		{A8E5E9F5-4364-4392-AF16-45DBE9F419A0}.Release|Any CPU.Build.0 = Release|Any CPU
	EndGlobalSection
	GlobalSection(SolutionProperties) = preSolution
		HideSolutionNode = FALSE
	EndGlobalSection
	GlobalSection(ExtensibilityGlobals) = postSolution
		SolutionGuid = {F4225B14-772D-4424-B3A7-2C21073F3B54}
	EndGlobalSection
EndGlobal
